
Microsoft Visual Studio Solution File, Format Version 12.00
# Visual Studio Version 17
VisualStudioVersion = 17.0.31903.59
MinimumVisualStudioVersion = 10.0.40219.1
Project("{9A19103F-16F7-4668-BE54-9A1E7A4F7556}") = "GitHubStarredRepoExporter", "GitHubStarredRepoExporter\GitHubStarredRepoExporter.csproj", "{505CE7BF-2F10-44F8-9B48-683064F13537}"
EndProject
Project("{9A19103F-16F7-4668-BE54-9A1E7A4F7556}") = "GitHubStarredCommon", "GitHubStarredCommon\GitHubStarredCommon.csproj", "{FAD1F4D2-632E-439D-8A89-B266BEE86E16}"
EndProject
Project("{9A19103F-16F7-4668-BE54-9A1E7A4F7556}") = "GitHubStarredMarkdownGenerator", "GitHubStarredMarkdownGenerator\GitHubStarredMarkdownGenerator.csproj", "{CE114FEB-F8A3-43A9-BA03-2803059BE5E8}"
EndProject
Project("{9A19103F-16F7-4668-BE54-9A1E7A4F7556}") = "GitHubStarredListGenerator", "GitHubStarredListGenerator\GitHubStarredListGenerator.csproj", "{3918849D-F539-4B7B-8958-A2C09306CD8B}"
EndProject
Project("{2150E333-8FDC-42A3-9474-1A3956D46DE8}") = "Solution Items", "Solution Items", "{A46AB000-792E-4D5E-81D3-B21603618D2B}"
	ProjectSection(SolutionItems) = preProject
		..\README.md = ..\README.md
	EndProjectSection
EndProject
Global
	GlobalSection(SolutionConfigurationPlatforms) = preSolution
		Debug|Any CPU = Debug|Any CPU
		Release|Any CPU = Release|Any CPU
	EndGlobalSection
	GlobalSection(ProjectConfigurationPlatforms) = postSolution
		{505CE7BF-2F10-44F8-9B48-683064F13537}.Debug|Any CPU.ActiveCfg = Debug|Any CPU
		{505CE7BF-2F10-44F8-9B48-683064F13537}.Debug|Any CPU.Build.0 = Debug|Any CPU
		{505CE7BF-2F10-44F8-9B48-683064F13537}.Release|Any CPU.ActiveCfg = Release|Any CPU
		{505CE7BF-2F10-44F8-9B48-683064F13537}.Release|Any CPU.Build.0 = Release|Any CPU
		{FAD1F4D2-632E-439D-8A89-B266BEE86E16}.Debug|Any CPU.ActiveCfg = Debug|Any CPU
		{FAD1F4D2-632E-439D-8A89-B266BEE86E16}.Debug|Any CPU.Build.0 = Debug|Any CPU
		{FAD1F4D2-632E-439D-8A89-B266BEE86E16}.Release|Any CPU.ActiveCfg = Release|Any CPU
		{FAD1F4D2-632E-439D-8A89-B266BEE86E16}.Release|Any CPU.Build.0 = Release|Any CPU
		{CE114FEB-F8A3-43A9-BA03-2803059BE5E8}.Debug|Any CPU.ActiveCfg = Debug|Any CPU
		{CE114FEB-F8A3-43A9-BA03-2803059BE5E8}.Debug|Any CPU.Build.0 = Debug|Any CPU
		{CE114FEB-F8A3-43A9-BA03-2803059BE5E8}.Release|Any CPU.ActiveCfg = Release|Any CPU
		{CE114FEB-F8A3-43A9-BA03-2803059BE5E8}.Release|Any CPU.Build.0 = Release|Any CPU
		{3918849D-F539-4B7B-8958-A2C09306CD8B}.Debug|Any CPU.ActiveCfg = Debug|Any CPU
		{3918849D-F539-4B7B-8958-A2C09306CD8B}.Debug|Any CPU.Build.0 = Debug|Any CPU
		{3918849D-F539-4B7B-8958-A2C09306CD8B}.Release|Any CPU.ActiveCfg = Release|Any CPU
		{3918849D-F539-4B7B-8958-A2C09306CD8B}.Release|Any CPU.Build.0 = Release|Any CPU
	EndGlobalSection
	GlobalSection(SolutionProperties) = preSolution
		HideSolutionNode = FALSE
	EndGlobalSection
	GlobalSection(ExtensibilityGlobals) = postSolution
		SolutionGuid = {5EB5CC1D-8FBD-437B-91C3-00EBB2C4F000}
	EndGlobalSection
EndGlobal
